{
  "name": "kantankabuka-api-swagger",
  "version": "1.0.0",
  "lockfileVersion": 3,
  "requires": true,
  "packages": {
    "": {
      "name": "kantankabuka-api-swagger",
      "version": "1.0.0",
      "license": "ISC",
      "dependencies": {
        "swagger-editor-dist": "^4.14.0"
      }
    },
    "node_modules/@scarf/scarf": {
      "version": "1.3.0",
      "resolved": "https://registry.npmjs.org/@scarf/scarf/-/scarf-1.3.0.tgz",
      "integrity": "sha512-lHKK8M5CTcpFj2hZDB3wIjb0KAbEOgDmiJGDv1WBRfQgRm/a8/XMEkG/N1iM01xgbUDsPQwi42D+dFo1XPAKew==",
      "hasInstallScript": true
    },
    "node_modules/swagger-editor-dist": {
      "version": "4.14.0",
      "resolved": "https://registry.npmjs.org/swagger-editor-dist/-/swagger-editor-dist-4.14.0.tgz",
      "integrity": "sha512-eLArsQX3288z3xK6sp2UTtNqfZlL9Dujq2w5xgSpCcHDHTpFT8QLlAorCQntxb8nahPYqDKuits6YWrmIq0sPg==",
      "dependencies": {
        "@scarf/scarf": "=1.3.0"
      }
    }
  }
}
